// !$*UTF8*$!
{
	archiveVersion = 1;
	classes = {
	};
	objectVersion = 55;
	objects = {

/* Begin PBXBuildFile section */
		F1B2996327E268ED00677083 /* AppDelegate.swift in Sources */ = {isa = PBXBuildFile; fileRef = F1B2996227E268ED00677083 /* AppDelegate.swift */; };
		F1B2996527E268ED00677083 /* SceneDelegate.swift in Sources */ = {isa = PBXBuildFile; fileRef = F1B2996427E268ED00677083 /* SceneDelegate.swift */; };
		F1B2996727E268ED00677083 /* ViewController.swift in Sources */ = {isa = PBXBuildFile; fileRef = F1B2996627E268ED00677083 /* ViewController.swift */; };
		F1B2996A27E268ED00677083 /* Main.storyboard in Resources */ = {isa = PBXBuildFile; fileRef = F1B2996827E268ED00677083 /* Main.storyboard */; };
		F1B2996C27E268ED00677083 /* Assets.xcassets in Resources */ = {isa = PBXBuildFile; fileRef = F1B2996B27E268ED00677083 /* Assets.xcassets */; };
		F1B2996F27E268ED00677083 /* LaunchScreen.storyboard in Resources */ = {isa = PBXBuildFile; fileRef = F1B2996D27E268ED00677083 /* LaunchScreen.storyboard */; };
		F1B2997A27E268EE00677083 /* MeuSegundoProjetoTesteTests.swift in Sources */ = {isa = PBXBuildFile; fileRef = F1B2997927E268EE00677083 /* MeuSegundoProjetoTesteTests.swift */; };
		F1B2998427E268EE00677083 /* MeuSegundoProjetoTesteUITests.swift in Sources */ = {isa = PBXBuildFile; fileRef = F1B2998327E268EE00677083 /* MeuSegundoProjetoTesteUITests.swift */; };
		F1B2998627E268EE00677083 /* MeuSegundoProjetoTesteUITestsLaunchTests.swift in Sources */ = {isa = PBXBuildFile; fileRef = F1B2998527E268EE00677083 /* MeuSegundoProjetoTesteUITestsLaunchTests.swift */; };
/* End PBXBuildFile section */

/* Begin PBXContainerItemProxy section */
		F1B2997627E268EE00677083 /* PBXContainerItemProxy */ = {
			isa = PBXContainerItemProxy;
			containerPortal = F1B2995727E268ED00677083 /* Project object */;
			proxyType = 1;
			remoteGlobalIDString = F1B2995E27E268ED00677083;
			remoteInfo = MeuSegundoProjetoTeste;
		};
		F1B2998027E268EE00677083 /* PBXContainerItemProxy */ = {
			isa = PBXContainerItemProxy;
			containerPortal = F1B2995727E268ED00677083 /* Project object */;
			proxyType = 1;
			remoteGlobalIDString = F1B2995E27E268ED00677083;
			remoteInfo = MeuSegundoProjetoTeste;
		};
/* End PBXContainerItemProxy section */

/* Begin PBXFileReference section */
		F1B2995F27E268ED00677083 /* MeuSegundoProjetoTeste.app */ = {isa = PBXFileReference; explicitFileType = wrapper.application; includeInIndex = 0; path = MeuSegundoProjetoTeste.app; sourceTree = BUILT_PRODUCTS_DIR; };
		F1B2996227E268ED00677083 /* AppDelegate.swift */ = {isa = PBXFileReference; lastKnownFileType = sourcecode.swift; path = AppDelegate.swift; sourceTree = "<group>"; };
		F1B2996427E268ED00677083 /* SceneDelegate.swift */ = {isa = PBXFileReference; lastKnownFileType = sourcecode.swift; path = SceneDelegate.swift; sourceTree = "<group>"; };
		F1B2996627E268ED00677083 /* ViewController.swift */ = {isa = PBXFileReference; lastKnownFileType = sourcecode.swift; path = ViewController.swift; sourceTree = "<group>"; };
		F1B2996927E268ED00677083 /* Base */ = {isa = PBXFileReference; lastKnownFileType = file.storyboard; name = Base; path = Base.lproj/Main.storyboard; sourceTree = "<group>"; };
		F1B2996B27E268ED00677083 /* Assets.xcassets */ = {isa = PBXFileReference; lastKnownFileType = folder.assetcatalog; path = Assets.xcassets; sourceTree = "<group>"; };
		F1B2996E27E268ED00677083 /* Base */ = {isa = PBXFileReference; lastKnownFileType = file.storyboard; name = Base; path = Base.lproj/LaunchScreen.storyboard; sourceTree = "<group>"; };
		F1B2997027E268ED00677083 /* Info.plist */ = {isa = PBXFileReference; lastKnownFileType = text.plist.xml; path = Info.plist; sourceTree = "<group>"; };
		F1B2997527E268EE00677083 /* MeuSegundoProjetoTesteTests.xctest */ = {isa = PBXFileReference; explicitFileType = wrapper.cfbundle; includeInIndex = 0; path = MeuSegundoProjetoTesteTests.xctest; sourceTree = BUILT_PRODUCTS_DIR; };
		F1B2997927E268EE00677083 /* MeuSegundoProjetoTesteTests.swift */ = {isa = PBXFileReference; lastKnownFileType = sourcecode.swift; path = MeuSegundoProjetoTesteTests.swift; sourceTree = "<group>"; };
		F1B2997F27E268EE00677083 /* MeuSegundoProjetoTesteUITests.xctest */ = {isa = PBXFileReference; explicitFileType = wrapper.cfbundle; includeInIndex = 0; path = MeuSegundoProjetoTesteUITests.xctest; sourceTree = BUILT_PRODUCTS_DIR; };
		F1B2998327E268EE00677083 /* MeuSegundoProjetoTesteUITests.swift */ = {isa = PBXFileReference; lastKnownFileType = sourcecode.swift; path = MeuSegundoProjetoTesteUITests.swift; sourceTree = "<group>"; };
		F1B2998527E268EE00677083 /* MeuSegundoProjetoTesteUITestsLaunchTests.swift */ = {isa = PBXFileReference; lastKnownFileType = sourcecode.swift; path = MeuSegundoProjetoTesteUITestsLaunchTests.swift; sourceTree = "<group>"; };
/* End PBXFileReference section */

/* Begin PBXFrameworksBuildPhase section */
		F1B2995C27E268ED00677083 /* Frameworks */ = {
			isa = PBXFrameworksBuildPhase;
			buildActionMask = 2147483647;
			files = (
			);
			runOnlyForDeploymentPostprocessing = 0;
		};
		F1B2997227E268EE00677083 /* Frameworks */ = {
			isa = PBXFrameworksBuildPhase;
			buildActionMask = 2147483647;
			files = (
			);
			runOnlyForDeploymentPostprocessing = 0;
		};
		F1B2997C27E268EE00677083 /* Frameworks */ = {
			isa = PBXFrameworksBuildPhase;
			buildActionMask = 2147483647;
			files = (
			);
			runOnlyForDeploymentPostprocessing = 0;
		};
/* End PBXFrameworksBuildPhase section */

/* Begin PBXGroup section */
		F1B2995627E268ED00677083 = {
			isa = PBXGroup;
			children = (
				F1B2996127E268ED00677083 /* MeuSegundoProjetoTeste */,
				F1B2997827E268EE00677083 /* MeuSegundoProjetoTesteTests */,
				F1B2998227E268EE00677083 /* MeuSegundoProjetoTesteUITests */,
				F1B2996027E268ED00677083 /* Products */,
			);
			sourceTree = "<group>";
		};
		F1B2996027E268ED00677083 /* Products */ = {
			isa = PBXGroup;
			children = (
				F1B2995F27E268ED00677083 /* MeuSegundoProjetoTeste.app */,
				F1B2997527E268EE00677083 /* MeuSegundoProjetoTesteTests.xctest */,
				F1B2997F27E268EE00677083 /* MeuSegundoProjetoTesteUITests.xctest */,
			);
			name = Products;
			sourceTree = "<group>";
		};
		F1B2996127E268ED00677083 /* MeuSegundoProjetoTeste */ = {
			isa = PBXGroup;
			children = (
				F1B2996227E268ED00677083 /* AppDelegate.swift */,
				F1B2996427E268ED00677083 /* SceneDelegate.swift */,
				F1B2996627E268ED00677083 /* ViewController.swift */,
				F1B2996827E268ED00677083 /* Main.storyboard */,
				F1B2996B27E268ED00677083 /* Assets.xcassets */,
				F1B2996D27E268ED00677083 /* LaunchScreen.storyboard */,
				F1B2997027E268ED00677083 /* Info.plist */,
			);
			path = MeuSegundoProjetoTeste;
			sourceTree = "<group>";
		};
		F1B2997827E268EE00677083 /* MeuSegundoProjetoTesteTests */ = {
			isa = PBXGroup;
			children = (
				F1B2997927E268EE00677083 /* MeuSegundoProjetoTesteTests.swift */,
			);
			path = MeuSegundoProjetoTesteTests;
			sourceTree = "<group>";
		};
		F1B2998227E268EE00677083 /* MeuSegundoProjetoTesteUITests */ = {
			isa = PBXGroup;
			children = (
				F1B2998327E268EE00677083 /* MeuSegundoProjetoTesteUITests.swift */,
				F1B2998527E268EE00677083 /* MeuSegundoProjetoTesteUITestsLaunchTests.swift */,
			);
			path = MeuSegundoProjetoTesteUITests;
			sourceTree = "<group>";
		};
/* End PBXGroup section */

/* Begin PBXNativeTarget section */
		F1B2995E27E268ED00677083 /* MeuSegundoProjetoTeste */ = {
			isa = PBXNativeTarget;
			buildConfigurationList = F1B2998927E268EE00677083 /* Build configuration list for PBXNativeTarget "MeuSegundoProjetoTeste" */;
			buildPhases = (
				F1B2995B27E268ED00677083 /* Sources */,
				F1B2995C27E268ED00677083 /* Frameworks */,
				F1B2995D27E268ED00677083 /* Resources */,
			);
			buildRules = (
			);
			dependencies = (
			);
			name = MeuSegundoProjetoTeste;
			productName = MeuSegundoProjetoTeste;
			productReference = F1B2995F27E268ED00677083 /* MeuSegundoProjetoTeste.app */;
			productType = "com.apple.product-type.application";
		};
		F1B2997427E268EE00677083 /* MeuSegundoProjetoTesteTests */ = {
			isa = PBXNativeTarget;
			buildConfigurationList = F1B2998C27E268EE00677083 /* Build configuration list for PBXNativeTarget "MeuSegundoProjetoTesteTests" */;
			buildPhases = (
				F1B2997127E268EE00677083 /* Sources */,
				F1B2997227E268EE00677083 /* Frameworks */,
				F1B2997327E268EE00677083 /* Resources */,
			);
			buildRules = (
			);
			dependencies = (
				F1B2997727E268EE00677083 /* PBXTargetDependency */,
			);
			name = MeuSegundoProjetoTesteTests;
			productName = MeuSegundoProjetoTesteTests;
			productReference = F1B2997527E268EE00677083 /* MeuSegundoProjetoTesteTests.xctest */;
			productType = "com.apple.product-type.bundle.unit-test";
		};
		F1B2997E27E268EE00677083 /* MeuSegundoProjetoTesteUITests */ = {
			isa = PBXNativeTarget;
			buildConfigurationList = F1B2998F27E268EE00677083 /* Build configuration list for PBXNativeTarget "MeuSegundoProjetoTesteUITests" */;
			buildPhases = (
				F1B2997B27E268EE00677083 /* Sources */,
				F1B2997C27E268EE00677083 /* Frameworks */,
				F1B2997D27E268EE00677083 /* Resources */,
			);
			buildRules = (
			);
			dependencies = (
				F1B2998127E268EE00677083 /* PBXTargetDependency */,
			);
			name = MeuSegundoProjetoTesteUITests;
			productName = MeuSegundoProjetoTesteUITests;
			productReference = F1B2997F27E268EE00677083 /* MeuSegundoProjetoTesteUITests.xctest */;
			productType = "com.apple.product-type.bundle.ui-testing";
		};
/* End PBXNativeTarget section */

/* Begin PBXProject section */
		F1B2995727E268ED00677083 /* Project object */ = {
			isa = PBXProject;
			attributes = {
				BuildIndependentTargetsInParallel = 1;
				LastSwiftUpdateCheck = 1320;
				LastUpgradeCheck = 1320;
				TargetAttributes = {
					F1B2995E27E268ED00677083 = {
						CreatedOnToolsVersion = 13.2.1;
					};
					F1B2997427E268EE00677083 = {
						CreatedOnToolsVersion = 13.2.1;
						TestTargetID = F1B2995E27E268ED00677083;
					};
					F1B2997E27E268EE00677083 = {
						CreatedOnToolsVersion = 13.2.1;
						TestTargetID = F1B2995E27E268ED00677083;
					};
				};
			};
			buildConfigurationList = F1B2995A27E268ED00677083 /* Build configuration list for PBXProject "MeuSegundoProjetoTeste" */;
			compatibilityVersion = "Xcode 13.0";
			developmentRegion = en;
			hasScannedForEncodings = 0;
			knownRegions = (
				en,
				Base,
			);
			mainGroup = F1B2995627E268ED00677083;
			productRefGroup = F1B2996027E268ED00677083 /* Products */;
			projectDirPath = "";
			projectRoot = "";
			targets = (
				F1B2995E27E268ED00677083 /* MeuSegundoProjetoTeste */,
				F1B2997427E268EE00677083 /* MeuSegundoProjetoTesteTests */,
				F1B2997E27E268EE00677083 /* MeuSegundoProjetoTesteUITests */,
			);
		};
/* End PBXProject section */

/* Begin PBXResourcesBuildPhase section */
		F1B2995D27E268ED00677083 /* Resources */ = {
			isa = PBXResourcesBuildPhase;
			buildActionMask = 2147483647;
			files = (
				F1B2996F27E268ED00677083 /* LaunchScreen.storyboard in Resources */,
				F1B2996C27E268ED00677083 /* Assets.xcassets in Resources */,
				F1B2996A27E268ED00677083 /* Main.storyboard in Resources */,
			);
			runOnlyForDeploymentPostprocessing = 0;
		};
		F1B2997327E268EE00677083 /* Resources */ = {
			isa = PBXResourcesBuildPhase;
			buildActionMask = 2147483647;
			files = (
			);
			runOnlyForDeploymentPostprocessing = 0;
		};
		F1B2997D27E268EE00677083 /* Resources */ = {
			isa = PBXResourcesBuildPhase;
			buildActionMask = 2147483647;
			files = (
			);
			runOnlyForDeploymentPostprocessing = 0;
		};
/* End PBXResourcesBuildPhase section */

/* Begin PBXSourcesBuildPhase section */
		F1B2995B27E268ED00677083 /* Sources */ = {
			isa = PBXSourcesBuildPhase;
			buildActionMask = 2147483647;
			files = (
				F1B2996727E268ED00677083 /* ViewController.swift in Sources */,
				F1B2996327E268ED00677083 /* AppDelegate.swift in Sources */,
				F1B2996527E268ED00677083 /* SceneDelegate.swift in Sources */,
			);
			runOnlyForDeploymentPostprocessing = 0;
		};
		F1B2997127E268EE00677083 /* Sources */ = {
			isa = PBXSourcesBuildPhase;
			buildActionMask = 2147483647;
			files = (
				F1B2997A27E268EE00677083 /* MeuSegundoProjetoTesteTests.swift in Sources */,
			);
			runOnlyForDeploymentPostprocessing = 0;
		};
		F1B2997B27E268EE00677083 /* Sources */ = {
			isa = PBXSourcesBuildPhase;
			buildActionMask = 2147483647;
			files = (
				F1B2998627E268EE00677083 /* MeuSegundoProjetoTesteUITestsLaunchTests.swift in Sources */,
				F1B2998427E268EE00677083 /* MeuSegundoProjetoTesteUITests.swift in Sources */,
			);
			runOnlyForDeploymentPostprocessing = 0;
		};
/* End PBXSourcesBuildPhase section */

/* Begin PBXTargetDependency section */
		F1B2997727E268EE00677083 /* PBXTargetDependency */ = {
			isa = PBXTargetDependency;
			target = F1B2995E27E268ED00677083 /* MeuSegundoProjetoTeste */;
			targetProxy = F1B2997627E268EE00677083 /* PBXContainerItemProxy */;
		};
		F1B2998127E268EE00677083 /* PBXTargetDependency */ = {
			isa = PBXTargetDependency;
			target = F1B2995E27E268ED00677083 /* MeuSegundoProjetoTeste */;
			targetProxy = F1B2998027E268EE00677083 /* PBXContainerItemProxy */;
		};
/* End PBXTargetDependency section */

/* Begin PBXVariantGroup section */
		F1B2996827E268ED00677083 /* Main.storyboard */ = {
			isa = PBXVariantGroup;
			children = (
				F1B2996927E268ED00677083 /* Base */,
			);
			name = Main.storyboard;
			sourceTree = "<group>";
		};
		F1B2996D27E268ED00677083 /* LaunchScreen.storyboard */ = {
			isa = PBXVariantGroup;
			children = (
				F1B2996E27E268ED00677083 /* Base */,
			);
			name = LaunchScreen.storyboard;
			sourceTree = "<group>";
		};
/* End PBXVariantGroup section */

/* Begin XCBuildConfiguration section */
		F1B2998727E268EE00677083 /* Debug */ = {
			isa = XCBuildConfiguration;
			buildSettings = {
				ALWAYS_SEARCH_USER_PATHS = NO;
				CLANG_ANALYZER_NONNULL = YES;
				CLANG_ANALYZER_NUMBER_OBJECT_CONVERSION = YES_AGGRESSIVE;
				CLANG_CXX_LANGUAGE_STANDARD = "gnu++17";
				CLANG_CXX_LIBRARY = "libc++";
				CLANG_ENABLE_MODULES = YES;
				CLANG_ENABLE_OBJC_ARC = YES;
				CLANG_ENABLE_OBJC_WEAK = YES;
				CLANG_WARN_BLOCK_CAPTURE_AUTORELEASING = YES;
				CLANG_WARN_BOOL_CONVERSION = YES;
				CLANG_WARN_COMMA = YES;
				CLANG_WARN_CONSTANT_CONVERSION = YES;
				CLANG_WARN_DEPRECATED_OBJC_IMPLEMENTATIONS = YES;
				CLANG_WARN_DIRECT_OBJC_ISA_USAGE = YES_ERROR;
				CLANG_WARN_DOCUMENTATION_COMMENTS = YES;
				CLANG_WARN_EMPTY_BODY = YES;
				CLANG_WARN_ENUM_CONVERSION = YES;
				CLANG_WARN_INFINITE_RECURSION = YES;
				CLANG_WARN_INT_CONVERSION = YES;
				CLANG_WARN_NON_LITERAL_NULL_CONVERSION = YES;
				CLANG_WARN_OBJC_IMPLICIT_RETAIN_SELF = YES;
				CLANG_WARN_OBJC_LITERAL_CONVERSION = YES;
				CLANG_WARN_OBJC_ROOT_CLASS = YES_ERROR;
				CLANG_WARN_QUOTED_INCLUDE_IN_FRAMEWORK_HEADER = YES;
				CLANG_WARN_RANGE_LOOP_ANALYSIS = YES;
				CLANG_WARN_STRICT_PROTOTYPES = YES;
				CLANG_WARN_SUSPICIOUS_MOVE = YES;
				CLANG_WARN_UNGUARDED_AVAILABILITY = YES_AGGRESSIVE;
				CLANG_WARN_UNREACHABLE_CODE = YES;
				CLANG_WARN__DUPLICATE_METHOD_MATCH = YES;
				COPY_PHASE_STRIP = NO;
				DEBUG_INFORMATION_FORMAT = dwarf;
				ENABLE_STRICT_OBJC_MSGSEND = YES;
				ENABLE_TESTABILITY = YES;
				GCC_C_LANGUAGE_STANDARD = gnu11;
				GCC_DYNAMIC_NO_PIC = NO;
				GCC_NO_COMMON_BLOCKS = YES;
				GCC_OPTIMIZATION_LEVEL = 0;
				GCC_PREPROCESSOR_DEFINITIONS = (
					"DEBUG=1",
					"$(inherited)",
				);
				GCC_WARN_64_TO_32_BIT_CONVERSION = YES;
				GCC_WARN_ABOUT_RETURN_TYPE = YES_ERROR;
				GCC_WARN_UNDECLARED_SELECTOR = YES;
				GCC_WARN_UNINITIALIZED_AUTOS = YES_AGGRESSIVE;
				GCC_WARN_UNUSED_FUNCTION = YES;
				GCC_WARN_UNUSED_VARIABLE = YES;
				IPHONEOS_DEPLOYMENT_TARGET = 15.2;
				MTL_ENABLE_DEBUG_INFO = INCLUDE_SOURCE;
				MTL_FAST_MATH = YES;
				ONLY_ACTIVE_ARCH = YES;
				SDKROOT = iphoneos;
				SWIFT_ACTIVE_COMPILATION_CONDITIONS = DEBUG;
				SWIFT_OPTIMIZATION_LEVEL = "-Onone";
			};
			name = Debug;
		};
		F1B2998827E268EE00677083 /* Release */ = {
			isa = XCBuildConfiguration;
			buildSettings = {
				ALWAYS_SEARCH_USER_PATHS = NO;
				CLANG_ANALYZER_NONNULL = YES;
				CLANG_ANALYZER_NUMBER_OBJECT_CONVERSION = YES_AGGRESSIVE;
				CLANG_CXX_LANGUAGE_STANDARD = "gnu++17";
				CLANG_CXX_LIBRARY = "libc++";
				CLANG_ENABLE_MODULES = YES;
				CLANG_ENABLE_OBJC_ARC = YES;
				CLANG_ENABLE_OBJC_WEAK = YES;
				CLANG_WARN_BLOCK_CAPTURE_AUTORELEASING = YES;
				CLANG_WARN_BOOL_CONVERSION = YES;
				CLANG_WARN_COMMA = YES;
				CLANG_WARN_CONSTANT_CONVERSION = YES;
				CLANG_WARN_DEPRECATED_OBJC_IMPLEMENTATIONS = YES;
				CLANG_WARN_DIRECT_OBJC_ISA_USAGE = YES_ERROR;
				CLANG_WARN_DOCUMENTATION_COMMENTS = YES;
				CLANG_WARN_EMPTY_BODY = YES;
				CLANG_WARN_ENUM_CONVERSION = YES;
				CLANG_WARN_INFINITE_RECURSION = YES;
				CLANG_WARN_INT_CONVERSION = YES;
				CLANG_WARN_NON_LITERAL_NULL_CONVERSION = YES;
				CLANG_WARN_OBJC_IMPLICIT_RETAIN_SELF = YES;
				CLANG_WARN_OBJC_LITERAL_CONVERSION = YES;
				CLANG_WARN_OBJC_ROOT_CLASS = YES_ERROR;
				CLANG_WARN_QUOTED_INCLUDE_IN_FRAMEWORK_HEADER = YES;
				CLANG_WARN_RANGE_LOOP_ANALYSIS = YES;
				CLANG_WARN_STRICT_PROTOTYPES = YES;
				CLANG_WARN_SUSPICIOUS_MOVE = YES;
				CLANG_WARN_UNGUARDED_AVAILABILITY = YES_AGGRESSIVE;
				CLANG_WARN_UNREACHABLE_CODE = YES;
				CLANG_WARN__DUPLICATE_METHOD_MATCH = YES;
				COPY_PHASE_STRIP = NO;
				DEBUG_INFORMATION_FORMAT = "dwarf-with-dsym";
				ENABLE_NS_ASSERTIONS = NO;
				ENABLE_STRICT_OBJC_MSGSEND = YES;
				GCC_C_LANGUAGE_STANDARD = gnu11;
				GCC_NO_COMMON_BLOCKS = YES;
				GCC_WARN_64_TO_32_BIT_CONVERSION = YES;
				GCC_WARN_ABOUT_RETURN_TYPE = YES_ERROR;
				GCC_WARN_UNDECLARED_SELECTOR = YES;
				GCC_WARN_UNINITIALIZED_AUTOS = YES_AGGRESSIVE;
				GCC_WARN_UNUSED_FUNCTION = YES;
				GCC_WARN_UNUSED_VARIABLE = YES;
				IPHONEOS_DEPLOYMENT_TARGET = 15.2;
				MTL_ENABLE_DEBUG_INFO = NO;
				MTL_FAST_MATH = YES;
				SDKROOT = iphoneos;
				SWIFT_COMPILATION_MODE = wholemodule;
				SWIFT_OPTIMIZATION_LEVEL = "-O";
				VALIDATE_PRODUCT = YES;
			};
			name = Release;
		};
		F1B2998A27E268EE00677083 /* Debug */ = {
			isa = XCBuildConfiguration;
			buildSettings = {
				ASSETCATALOG_COMPILER_APPICON_NAME = AppIcon;
				ASSETCATALOG_COMPILER_GLOBAL_ACCENT_COLOR_NAME = AccentColor;
				CODE_SIGN_STYLE = Automatic;
				CURRENT_PROJECT_VERSION = 1;
				DEVELOPMENT_TEAM = RZ9B2K5VCK;
				GENERATE_INFOPLIST_FILE = YES;
				INFOPLIST_FILE = MeuSegundoProjetoTeste/Info.plist;
				INFOPLIST_KEY_UIApplicationSupportsIndirectInputEvents = YES;
				INFOPLIST_KEY_UILaunchStoryboardName = LaunchScreen;
				INFOPLIST_KEY_UIMainStoryboardFile = Main;
				INFOPLIST_KEY_UISupportedInterfaceOrientations_iPad = "UIInterfaceOrientationPortrait UIInterfaceOrientationPortraitUpsideDown UIInterfaceOrientationLandscapeLeft UIInterfaceOrientationLandscapeRight";
				INFOPLIST_KEY_UISupportedInterfaceOrientations_iPhone = "UIInterfaceOrientationPortrait UIInterfaceOrientationLandscapeLeft UIInterfaceOrientationLandscapeRight";
				LD_RUNPATH_SEARCH_PATHS = (
					"$(inherited)",
					"@executable_path/Frameworks",
				);
				MARKETING_VERSION = 1.0;
				PRODUCT_BUNDLE_IDENTIFIER = br.com.brq.MeuSegundoProjetoTeste;
				PRODUCT_NAME = "$(TARGET_NAME)";
				SWIFT_EMIT_LOC_STRINGS = YES;
				SWIFT_VERSION = 5.0;
				TARGETED_DEVICE_FAMILY = "1,2";
			};
			name = Debug;
		};
		F1B2998B27E268EE00677083 /* Release */ = {
			isa = XCBuildConfiguration;
			buildSettings = {
				ASSETCATALOG_COMPILER_APPICON_NAME = AppIcon;
				ASSETCATALOG_COMPILER_GLOBAL_ACCENT_COLOR_NAME = AccentColor;
				CODE_SIGN_STYLE = Automatic;
				CURRENT_PROJECT_VERSION = 1;
				DEVELOPMENT_TEAM = RZ9B2K5VCK;
				GENERATE_INFOPLIST_FILE = YES;
				INFOPLIST_FILE = MeuSegundoProjetoTeste/Info.plist;
				INFOPLIST_KEY_UIApplicationSupportsIndirectInputEvents = YES;
				INFOPLIST_KEY_UILaunchStoryboardName = LaunchScreen;
				INFOPLIST_KEY_UIMainStoryboardFile = Main;
				INFOPLIST_KEY_UISupportedInterfaceOrientations_iPad = "UIInterfaceOrientationPortrait UIInterfaceOrientationPortraitUpsideDown UIInterfaceOrientationLandscapeLeft UIInterfaceOrientationLandscapeRight";
				INFOPLIST_KEY_UISupportedInterfaceOrientations_iPhone = "UIInterfaceOrientationPortrait UIInterfaceOrientationLandscapeLeft UIInterfaceOrientationLandscapeRight";
				LD_RUNPATH_SEARCH_PATHS = (
					"$(inherited)",
					"@executable_path/Frameworks",
				);
				MARKETING_VERSION = 1.0;
				PRODUCT_BUNDLE_IDENTIFIER = br.com.brq.MeuSegundoProjetoTeste;
				PRODUCT_NAME = "$(TARGET_NAME)";
				SWIFT_EMIT_LOC_STRINGS = YES;
				SWIFT_VERSION = 5.0;
				TARGETED_DEVICE_FAMILY = "1,2";
			};
			name = Release;
		};
		F1B2998D27E268EE00677083 /* Debug */ = {
			isa = XCBuildConfiguration;
			buildSettings = {
				ALWAYS_EMBED_SWIFT_STANDARD_LIBRARIES = YES;
				BUNDLE_LOADER = "$(TEST_HOST)";
				CODE_SIGN_STYLE = Automatic;
				CURRENT_PROJECT_VERSION = 1;
				DEVELOPMENT_TEAM = RZ9B2K5VCK;
				GENERATE_INFOPLIST_FILE = YES;
				IPHONEOS_DEPLOYMENT_TARGET = 15.2;
				MARKETING_VERSION = 1.0;
				PRODUCT_BUNDLE_IDENTIFIER = br.com.brq.MeuSegundoProjetoTesteTests;
				PRODUCT_NAME = "$(TARGET_NAME)";
				SWIFT_EMIT_LOC_STRINGS = NO;
				SWIFT_VERSION = 5.0;
				TARGETED_DEVICE_FAMILY = "1,2";
				TEST_HOST = "$(BUILT_PRODUCTS_DIR)/MeuSegundoProjetoTeste.app/MeuSegundoProjetoTeste";
			};
			name = Debug;
		};
		F1B2998E27E268EE00677083 /* Release */ = {
			isa = XCBuildConfiguration;
			buildSettings = {
				ALWAYS_EMBED_SWIFT_STANDARD_LIBRARIES = YES;
				BUNDLE_LOADER = "$(TEST_HOST)";
				CODE_SIGN_STYLE = Automatic;
				CURRENT_PROJECT_VERSION = 1;
				DEVELOPMENT_TEAM = RZ9B2K5VCK;
				GENERATE_INFOPLIST_FILE = YES;
				IPHONEOS_DEPLOYMENT_TARGET = 15.2;
				MARKETING_VERSION = 1.0;
				PRODUCT_BUNDLE_IDENTIFIER = br.com.brq.MeuSegundoProjetoTesteTests;
				PRODUCT_NAME = "$(TARGET_NAME)";
				SWIFT_EMIT_LOC_STRINGS = NO;
				SWIFT_VERSION = 5.0;
				TARGETED_DEVICE_FAMILY = "1,2";
				TEST_HOST = "$(BUILT_PRODUCTS_DIR)/MeuSegundoProjetoTeste.app/MeuSegundoProjetoTeste";
			};
			name = Release;
		};
		F1B2999027E268EE00677083 /* Debug */ = {
			isa = XCBuildConfiguration;
			buildSettings = {
				ALWAYS_EMBED_SWIFT_STANDARD_LIBRARIES = YES;
				CODE_SIGN_STYLE = Automatic;
				CURRENT_PROJECT_VERSION = 1;
				DEVELOPMENT_TEAM = RZ9B2K5VCK;
				GENERATE_INFOPLIST_FILE = YES;
				MARKETING_VERSION = 1.0;
				PRODUCT_BUNDLE_IDENTIFIER = br.com.brq.MeuSegundoProjetoTesteUITests;
				PRODUCT_NAME = "$(TARGET_NAME)";
				SWIFT_EMIT_LOC_STRINGS = NO;
				SWIFT_VERSION = 5.0;
				TARGETED_DEVICE_FAMILY = "1,2";
				TEST_TARGET_NAME = MeuSegundoProjetoTeste;
			};
			name = Debug;
		};
		F1B2999127E268EE00677083 /* Release */ = {
			isa = XCBuildConfiguration;
			buildSettings = {
				ALWAYS_EMBED_SWIFT_STANDARD_LIBRARIES = YES;
				CODE_SIGN_STYLE = Automatic;
				CURRENT_PROJECT_VERSION = 1;
				DEVELOPMENT_TEAM = RZ9B2K5VCK;
				GENERATE_INFOPLIST_FILE = YES;
				MARKETING_VERSION = 1.0;
				PRODUCT_BUNDLE_IDENTIFIER = br.com.brq.MeuSegundoProjetoTesteUITests;
				PRODUCT_NAME = "$(TARGET_NAME)";
				SWIFT_EMIT_LOC_STRINGS = NO;
				SWIFT_VERSION = 5.0;
				TARGETED_DEVICE_FAMILY = "1,2";
				TEST_TARGET_NAME = MeuSegundoProjetoTeste;
			};
			name = Release;
		};
/* End XCBuildConfiguration section */

/* Begin XCConfigurationList section */
		F1B2995A27E268ED00677083 /* Build configuration list for PBXProject "MeuSegundoProjetoTeste" */ = {
			isa = XCConfigurationList;
			buildConfigurations = (
				F1B2998727E268EE00677083 /* Debug */,
				F1B2998827E268EE00677083 /* Release */,
			);
			defaultConfigurationIsVisible = 0;
			defaultConfigurationName = Release;
		};
		F1B2998927E268EE00677083 /* Build configuration list for PBXNativeTarget "MeuSegundoProjetoTeste" */ = {
			isa = XCConfigurationList;
			buildConfigurations = (
				F1B2998A27E268EE00677083 /* Debug */,
				F1B2998B27E268EE00677083 /* Release */,
			);
			defaultConfigurationIsVisible = 0;
			defaultConfigurationName = Release;
		};
		F1B2998C27E268EE00677083 /* Build configuration list for PBXNativeTarget "MeuSegundoProjetoTesteTests" */ = {
			isa = XCConfigurationList;
			buildConfigurations = (
				F1B2998D27E268EE00677083 /* Debug */,
				F1B2998E27E268EE00677083 /* Release */,
			);
			defaultConfigurationIsVisible = 0;
			defaultConfigurationName = Release;
		};
		F1B2998F27E268EE00677083 /* Build configuration list for PBXNativeTarget "MeuSegundoProjetoTesteUITests" */ = {
			isa = XCConfigurationList;
			buildConfigurations = (
				F1B2999027E268EE00677083 /* Debug */,
				F1B2999127E268EE00677083 /* Release */,
			);
			defaultConfigurationIsVisible = 0;
			defaultConfigurationName = Release;
		};
/* End XCConfigurationList section */
	};
	rootObject = F1B2995727E268ED00677083 /* Project object */;
}
